// !$*UTF8*$!
{
	archiveVersion = 1;
	classes = {
	};
	objectVersion = 46;
	objects = {

/* Begin PBXBuildFile section */
		97163EC4197F96BD00E4DBCF /* Foundation.framework in Frameworks */ = {isa = PBXBuildFile; fileRef = 97163EC3197F96BD00E4DBCF /* Foundation.framework */; };
		97163EC6197F96BD00E4DBCF /* CoreGraphics.framework in Frameworks */ = {isa = PBXBuildFile; fileRef = 97163EC5197F96BD00E4DBCF /* CoreGraphics.framework */; };
		97163EC8197F96BD00E4DBCF /* UIKit.framework in Frameworks */ = {isa = PBXBuildFile; fileRef = 97163EC7197F96BD00E4DBCF /* UIKit.framework */; };
		97163ECE197F96BD00E4DBCF /* InfoPlist.strings in Resources */ = {isa = PBXBuildFile; fileRef = 97163ECC197F96BD00E4DBCF /* InfoPlist.strings */; };
		97163ED0197F96BD00E4DBCF /* main.m in Sources */ = {isa = PBXBuildFile; fileRef = 97163ECF197F96BD00E4DBCF /* main.m */; };
		97163ED4197F96BD00E4DBCF /* AppDelegate.m in Sources */ = {isa = PBXBuildFile; fileRef = 97163ED3197F96BD00E4DBCF /* AppDelegate.m */; };
		97163ED7197F96BD00E4DBCF /* Main.storyboard in Resources */ = {isa = PBXBuildFile; fileRef = 97163ED5197F96BD00E4DBCF /* Main.storyboard */; };
		97163EDA197F96BD00E4DBCF /* ViewController.m in Sources */ = {isa = PBXBuildFile; fileRef = 97163ED9197F96BD00E4DBCF /* ViewController.m */; };
		97163EDC197F96BD00E4DBCF /* Images.xcassets in Resources */ = {isa = PBXBuildFile; fileRef = 97163EDB197F96BD00E4DBCF /* Images.xcassets */; };
		97163EE3197F96BD00E4DBCF /* XCTest.framework in Frameworks */ = {isa = PBXBuildFile; fileRef = 97163EE2197F96BD00E4DBCF /* XCTest.framework */; };
		97163EE4197F96BD00E4DBCF /* Foundation.framework in Frameworks */ = {isa = PBXBuildFile; fileRef = 97163EC3197F96BD00E4DBCF /* Foundation.framework */; };
		97163EE5197F96BD00E4DBCF /* UIKit.framework in Frameworks */ = {isa = PBXBuildFile; fileRef = 97163EC7197F96BD00E4DBCF /* UIKit.framework */; };
		97163EED197F96BD00E4DBCF /* InfoPlist.strings in Resources */ = {isa = PBXBuildFile; fileRef = 97163EEB197F96BD00E4DBCF /* InfoPlist.strings */; };
		97163EEF197F96BD00E4DBCF /* SwiperTestTests.m in Sources */ = {isa = PBXBuildFile; fileRef = 97163EEE197F96BD00E4DBCF /* SwiperTestTests.m */; };
		97163EFC197FB9A700E4DBCF /* arrowDown.png in Resources */ = {isa = PBXBuildFile; fileRef = 97163EF8197FB9A700E4DBCF /* arrowDown.png */; };
		97163EFD197FB9A700E4DBCF /* arrowLeft.png in Resources */ = {isa = PBXBuildFile; fileRef = 97163EF9197FB9A700E4DBCF /* arrowLeft.png */; };
		97163EFE197FB9A700E4DBCF /* arrowRight.png in Resources */ = {isa = PBXBuildFile; fileRef = 97163EFA197FB9A700E4DBCF /* arrowRight.png */; };
		97163EFF197FB9A700E4DBCF /* arrowUp.png in Resources */ = {isa = PBXBuildFile; fileRef = 97163EFB197FB9A700E4DBCF /* arrowUp.png */; };
/* End PBXBuildFile section */

/* Begin PBXContainerItemProxy section */
		97163EE6197F96BD00E4DBCF /* PBXContainerItemProxy */ = {
			isa = PBXContainerItemProxy;
			containerPortal = 97163EB8197F96BD00E4DBCF /* Project object */;
			proxyType = 1;
			remoteGlobalIDString = 97163EBF197F96BD00E4DBCF;
			remoteInfo = SwiperTest;
		};
/* End PBXContainerItemProxy section */

/* Begin PBXFileReference section */
		97163EC0197F96BD00E4DBCF /* SwiperTest.app */ = {isa = PBXFileReference; explicitFileType = wrapper.application; includeInIndex = 0; path = SwiperTest.app; sourceTree = BUILT_PRODUCTS_DIR; };
		97163EC3197F96BD00E4DBCF /* Foundation.framework */ = {isa = PBXFileReference; lastKnownFileType = wrapper.framework; name = Foundation.framework; path = System/Library/Frameworks/Foundation.framework; sourceTree = SDKROOT; };
		97163EC5197F96BD00E4DBCF /* CoreGraphics.framework */ = {isa = PBXFileReference; lastKnownFileType = wrapper.framework; name = CoreGraphics.framework; path = System/Library/Frameworks/CoreGraphics.framework; sourceTree = SDKROOT; };
		97163EC7197F96BD00E4DBCF /* UIKit.framework */ = {isa = PBXFileReference; lastKnownFileType = wrapper.framework; name = UIKit.framework; path = System/Library/Frameworks/UIKit.framework; sourceTree = SDKROOT; };
		97163ECB197F96BD00E4DBCF /* SwiperTest-Info.plist */ = {isa = PBXFileReference; lastKnownFileType = text.plist.xml; path = "SwiperTest-Info.plist"; sourceTree = "<group>"; };
		97163ECD197F96BD00E4DBCF /* en */ = {isa = PBXFileReference; lastKnownFileType = text.plist.strings; name = en; path = en.lproj/InfoPlist.strings; sourceTree = "<group>"; };
		97163ECF197F96BD00E4DBCF /* main.m */ = {isa = PBXFileReference; lastKnownFileType = sourcecode.c.objc; path = main.m; sourceTree = "<group>"; };
		97163ED1197F96BD00E4DBCF /* SwiperTest-Prefix.pch */ = {isa = PBXFileReference; lastKnownFileType = sourcecode.c.h; path = "SwiperTest-Prefix.pch"; sourceTree = "<group>"; };
		97163ED2197F96BD00E4DBCF /* AppDelegate.h */ = {isa = PBXFileReference; lastKnownFileType = sourcecode.c.h; path = AppDelegate.h; sourceTree = "<group>"; };
		97163ED3197F96BD00E4DBCF /* AppDelegate.m */ = {isa = PBXFileReference; lastKnownFileType = sourcecode.c.objc; path = AppDelegate.m; sourceTree = "<group>"; };
		97163ED6197F96BD00E4DBCF /* Base */ = {isa = PBXFileReference; lastKnownFileType = file.storyboard; name = Base; path = Base.lproj/Main.storyboard; sourceTree = "<group>"; };
		97163ED8197F96BD00E4DBCF /* ViewController.h */ = {isa = PBXFileReference; lastKnownFileType = sourcecode.c.h; path = ViewController.h; sourceTree = "<group>"; };
		97163ED9197F96BD00E4DBCF /* ViewController.m */ = {isa = PBXFileReference; lastKnownFileType = sourcecode.c.objc; path = ViewController.m; sourceTree = "<group>"; };
		97163EDB197F96BD00E4DBCF /* Images.xcassets */ = {isa = PBXFileReference; lastKnownFileType = folder.assetcatalog; path = Images.xcassets; sourceTree = "<group>"; };
		97163EE1197F96BD00E4DBCF /* SwiperTestTests.xctest */ = {isa = PBXFileReference; explicitFileType = wrapper.cfbundle; includeInIndex = 0; path = SwiperTestTests.xctest; sourceTree = BUILT_PRODUCTS_DIR; };
		97163EE2197F96BD00E4DBCF /* XCTest.framework */ = {isa = PBXFileReference; lastKnownFileType = wrapper.framework; name = XCTest.framework; path = Library/Frameworks/XCTest.framework; sourceTree = DEVELOPER_DIR; };
		97163EEA197F96BD00E4DBCF /* SwiperTestTests-Info.plist */ = {isa = PBXFileReference; lastKnownFileType = text.plist.xml; path = "SwiperTestTests-Info.plist"; sourceTree = "<group>"; };
		97163EEC197F96BD00E4DBCF /* en */ = {isa = PBXFileReference; lastKnownFileType = text.plist.strings; name = en; path = en.lproj/InfoPlist.strings; sourceTree = "<group>"; };
		97163EEE197F96BD00E4DBCF /* SwiperTestTests.m */ = {isa = PBXFileReference; lastKnownFileType = sourcecode.c.objc; path = SwiperTestTests.m; sourceTree = "<group>"; };
		97163EF8197FB9A700E4DBCF /* arrowDown.png */ = {isa = PBXFileReference; lastKnownFileType = image.png; path = arrowDown.png; sourceTree = "<group>"; };
		97163EF9197FB9A700E4DBCF /* arrowLeft.png */ = {isa = PBXFileReference; lastKnownFileType = image.png; path = arrowLeft.png; sourceTree = "<group>"; };
		97163EFA197FB9A700E4DBCF /* arrowRight.png */ = {isa = PBXFileReference; lastKnownFileType = image.png; path = arrowRight.png; sourceTree = "<group>"; };
		97163EFB197FB9A700E4DBCF /* arrowUp.png */ = {isa = PBXFileReference; lastKnownFileType = image.png; path = arrowUp.png; sourceTree = "<group>"; };
/* End PBXFileReference section */

/* Begin PBXFrameworksBuildPhase section */
		97163EBD197F96BD00E4DBCF /* Frameworks */ = {
			isa = PBXFrameworksBuildPhase;
			buildActionMask = 2147483647;
			files = (
				97163EC6197F96BD00E4DBCF /* CoreGraphics.framework in Frameworks */,
				97163EC8197F96BD00E4DBCF /* UIKit.framework in Frameworks */,
				97163EC4197F96BD00E4DBCF /* Foundation.framework in Frameworks */,
			);
			runOnlyForDeploymentPostprocessing = 0;
		};
		97163EDE197F96BD00E4DBCF /* Frameworks */ = {
			isa = PBXFrameworksBuildPhase;
			buildActionMask = 2147483647;
			files = (
				97163EE3197F96BD00E4DBCF /* XCTest.framework in Frameworks */,
				97163EE5197F96BD00E4DBCF /* UIKit.framework in Frameworks */,
				97163EE4197F96BD00E4DBCF /* Foundation.framework in Frameworks */,
			);
			runOnlyForDeploymentPostprocessing = 0;
		};
/* End PBXFrameworksBuildPhase section */

/* Begin PBXGroup section */
		97163EB7197F96BD00E4DBCF = {
			isa = PBXGroup;
			children = (
				97163EC9197F96BD00E4DBCF /* SwiperTest */,
				97163EE8197F96BD00E4DBCF /* SwiperTestTests */,
				97163EC2197F96BD00E4DBCF /* Frameworks */,
				97163EC1197F96BD00E4DBCF /* Products */,
			);
			sourceTree = "<group>";
		};
		97163EC1197F96BD00E4DBCF /* Products */ = {
			isa = PBXGroup;
			children = (
				97163EC0197F96BD00E4DBCF /* SwiperTest.app */,
				97163EE1197F96BD00E4DBCF /* SwiperTestTests.xctest */,
			);
			name = Products;
			sourceTree = "<group>";
		};
		97163EC2197F96BD00E4DBCF /* Frameworks */ = {
			isa = PBXGroup;
			children = (
				97163EC3197F96BD00E4DBCF /* Foundation.framework */,
				97163EC5197F96BD00E4DBCF /* CoreGraphics.framework */,
				97163EC7197F96BD00E4DBCF /* UIKit.framework */,
				97163EE2197F96BD00E4DBCF /* XCTest.framework */,
			);
			name = Frameworks;
			sourceTree = "<group>";
		};
		97163EC9197F96BD00E4DBCF /* SwiperTest */ = {
			isa = PBXGroup;
			children = (
				97163ED2197F96BD00E4DBCF /* AppDelegate.h */,
				97163ED3197F96BD00E4DBCF /* AppDelegate.m */,
				97163ED5197F96BD00E4DBCF /* Main.storyboard */,
				97163ED8197F96BD00E4DBCF /* ViewController.h */,
				97163ED9197F96BD00E4DBCF /* ViewController.m */,
				97163EDB197F96BD00E4DBCF /* Images.xcassets */,
				97163ECA197F96BD00E4DBCF /* Supporting Files */,
			);
			path = SwiperTest;
			sourceTree = "<group>";
		};
		97163ECA197F96BD00E4DBCF /* Supporting Files */ = {
			isa = PBXGroup;
			children = (
				97163EF8197FB9A700E4DBCF /* arrowDown.png */,
				97163EF9197FB9A700E4DBCF /* arrowLeft.png */,
				97163EFA197FB9A700E4DBCF /* arrowRight.png */,
				97163EFB197FB9A700E4DBCF /* arrowUp.png */,
				97163ECB197F96BD00E4DBCF /* SwiperTest-Info.plist */,
				97163ECC197F96BD00E4DBCF /* InfoPlist.strings */,
				97163ECF197F96BD00E4DBCF /* main.m */,
				97163ED1197F96BD00E4DBCF /* SwiperTest-Prefix.pch */,
			);
			name = "Supporting Files";
			sourceTree = "<group>";
		};
		97163EE8197F96BD00E4DBCF /* SwiperTestTests */ = {
			isa = PBXGroup;
			children = (
				97163EEE197F96BD00E4DBCF /* SwiperTestTests.m */,
				97163EE9197F96BD00E4DBCF /* Supporting Files */,
			);
			path = SwiperTestTests;
			sourceTree = "<group>";
		};
		97163EE9197F96BD00E4DBCF /* Supporting Files */ = {
			isa = PBXGroup;
			children = (
				97163EEA197F96BD00E4DBCF /* SwiperTestTests-Info.plist */,
				97163EEB197F96BD00E4DBCF /* InfoPlist.strings */,
			);
			name = "Supporting Files";
			sourceTree = "<group>";
		};
/* End PBXGroup section */

/* Begin PBXNativeTarget section */
		97163EBF197F96BD00E4DBCF /* SwiperTest */ = {
			isa = PBXNativeTarget;
			buildConfigurationList = 97163EF2197F96BD00E4DBCF /* Build configuration list for PBXNativeTarget "SwiperTest" */;
			buildPhases = (
				97163EBC197F96BD00E4DBCF /* Sources */,
				97163EBD197F96BD00E4DBCF /* Frameworks */,
				97163EBE197F96BD00E4DBCF /* Resources */,
			);
			buildRules = (
			);
			dependencies = (
			);
			name = SwiperTest;
			productName = SwiperTest;
			productReference = 97163EC0197F96BD00E4DBCF /* SwiperTest.app */;
			productType = "com.apple.product-type.application";
		};
		97163EE0197F96BD00E4DBCF /* SwiperTestTests */ = {
			isa = PBXNativeTarget;
			buildConfigurationList = 97163EF5197F96BD00E4DBCF /* Build configuration list for PBXNativeTarget "SwiperTestTests" */;
			buildPhases = (
				97163EDD197F96BD00E4DBCF /* Sources */,
				97163EDE197F96BD00E4DBCF /* Frameworks */,
				97163EDF197F96BD00E4DBCF /* Resources */,
			);
			buildRules = (
			);
			dependencies = (
				97163EE7197F96BD00E4DBCF /* PBXTargetDependency */,
			);
			name = SwiperTestTests;
			productName = SwiperTestTests;
			productReference = 97163EE1197F96BD00E4DBCF /* SwiperTestTests.xctest */;
			productType = "com.apple.product-type.bundle.unit-test";
		};
/* End PBXNativeTarget section */

/* Begin PBXProject section */
		97163EB8197F96BD00E4DBCF /* Project object */ = {
			isa = PBXProject;
			attributes = {
				LastUpgradeCheck = 0510;
				ORGANIZATIONNAME = "Redwood Studios";
				TargetAttributes = {
					97163EE0197F96BD00E4DBCF = {
						TestTargetID = 97163EBF197F96BD00E4DBCF;
					};
				};
			};
			buildConfigurationList = 97163EBB197F96BD00E4DBCF /* Build configuration list for PBXProject "SwiperTest" */;
			compatibilityVersion = "Xcode 3.2";
			developmentRegion = English;
			hasScannedForEncodings = 0;
			knownRegions = (
				en,
				Base,
			);
			mainGroup = 97163EB7197F96BD00E4DBCF;
			productRefGroup = 97163EC1197F96BD00E4DBCF /* Products */;
			projectDirPath = "";
			projectRoot = "";
			targets = (
				97163EBF197F96BD00E4DBCF /* SwiperTest */,
				97163EE0197F96BD00E4DBCF /* SwiperTestTests */,
			);
		};
/* End PBXProject section */

/* Begin PBXResourcesBuildPhase section */
		97163EBE197F96BD00E4DBCF /* Resources */ = {
			isa = PBXResourcesBuildPhase;
			buildActionMask = 2147483647;
			files = (
				97163EFE197FB9A700E4DBCF /* arrowRight.png in Resources */,
				97163EDC197F96BD00E4DBCF /* Images.xcassets in Resources */,
				97163EFD197FB9A700E4DBCF /* arrowLeft.png in Resources */,
				97163ECE197F96BD00E4DBCF /* InfoPlist.strings in Resources */,
				97163ED7197F96BD00E4DBCF /* Main.storyboard in Resources */,
				97163EFF197FB9A700E4DBCF /* arrowUp.png in Resources */,
				97163EFC197FB9A700E4DBCF /* arrowDown.png in Resources */,
			);
			runOnlyForDeploymentPostprocessing = 0;
		};
		97163EDF197F96BD00E4DBCF /* Resources */ = {
			isa = PBXResourcesBuildPhase;
			buildActionMask = 2147483647;
			files = (
				97163EED197F96BD00E4DBCF /* InfoPlist.strings in Resources */,
			);
			runOnlyForDeploymentPostprocessing = 0;
		};
/* End PBXResourcesBuildPhase section */

/* Begin PBXSourcesBuildPhase section */
		97163EBC197F96BD00E4DBCF /* Sources */ = {
			isa = PBXSourcesBuildPhase;
			buildActionMask = 2147483647;
			files = (
				97163EDA197F96BD00E4DBCF /* ViewController.m in Sources */,
				97163ED4197F96BD00E4DBCF /* AppDelegate.m in Sources */,
				97163ED0197F96BD00E4DBCF /* main.m in Sources */,
			);
			runOnlyForDeploymentPostprocessing = 0;
		};
		97163EDD197F96BD00E4DBCF /* Sources */ = {
			isa = PBXSourcesBuildPhase;
			buildActionMask = 2147483647;
			files = (
				97163EEF197F96BD00E4DBCF /* SwiperTestTests.m in Sources */,
			);
			runOnlyForDeploymentPostprocessing = 0;
		};
/* End PBXSourcesBuildPhase section */

/* Begin PBXTargetDependency section */
		97163EE7197F96BD00E4DBCF /* PBXTargetDependency */ = {
			isa = PBXTargetDependency;
			target = 97163EBF197F96BD00E4DBCF /* SwiperTest */;
			targetProxy = 97163EE6197F96BD00E4DBCF /* PBXContainerItemProxy */;
		};
/* End PBXTargetDependency section */

/* Begin PBXVariantGroup section */
		97163ECC197F96BD00E4DBCF /* InfoPlist.strings */ = {
			isa = PBXVariantGroup;
			children = (
				97163ECD197F96BD00E4DBCF /* en */,
			);
			name = InfoPlist.strings;
			sourceTree = "<group>";
		};
		97163ED5197F96BD00E4DBCF /* Main.storyboard */ = {
			isa = PBXVariantGroup;
			children = (
				97163ED6197F96BD00E4DBCF /* Base */,
			);
			name = Main.storyboard;
			sourceTree = "<group>";
		};
		97163EEB197F96BD00E4DBCF /* InfoPlist.strings */ = {
			isa = PBXVariantGroup;
			children = (
				97163EEC197F96BD00E4DBCF /* en */,
			);
			name = InfoPlist.strings;
			sourceTree = "<group>";
		};
/* End PBXVariantGroup section */

/* Begin XCBuildConfiguration section */
		97163EF0197F96BD00E4DBCF /* Debug */ = {
			isa = XCBuildConfiguration;
			buildSettings = {
				ALWAYS_SEARCH_USER_PATHS = NO;
				CLANG_CXX_LANGUAGE_STANDARD = "gnu++0x";
				CLANG_CXX_LIBRARY = "libc++";
				CLANG_ENABLE_MODULES = YES;
				CLANG_ENABLE_OBJC_ARC = YES;
				CLANG_WARN_BOOL_CONVERSION = YES;
				CLANG_WARN_CONSTANT_CONVERSION = YES;
				CLANG_WARN_DIRECT_OBJC_ISA_USAGE = YES_ERROR;
				CLANG_WARN_EMPTY_BODY = YES;
				CLANG_WARN_ENUM_CONVERSION = YES;
				CLANG_WARN_INT_CONVERSION = YES;
				CLANG_WARN_OBJC_ROOT_CLASS = YES_ERROR;
				CLANG_WARN__DUPLICATE_METHOD_MATCH = YES;
				"CODE_SIGN_IDENTITY[sdk=iphoneos*]" = "iPhone Developer";
				COPY_PHASE_STRIP = NO;
				GCC_C_LANGUAGE_STANDARD = gnu99;
				GCC_DYNAMIC_NO_PIC = NO;
				GCC_OPTIMIZATION_LEVEL = 0;
				GCC_PREPROCESSOR_DEFINITIONS = (
					"DEBUG=1",
					"$(inherited)",
				);
				GCC_SYMBOLS_PRIVATE_EXTERN = NO;
				GCC_WARN_64_TO_32_BIT_CONVERSION = YES;
				GCC_WARN_ABOUT_RETURN_TYPE = YES_ERROR;
				GCC_WARN_UNDECLARED_SELECTOR = YES;
				GCC_WARN_UNINITIALIZED_AUTOS = YES_AGGRESSIVE;
				GCC_WARN_UNUSED_FUNCTION = YES;
				GCC_WARN_UNUSED_VARIABLE = YES;
				IPHONEOS_DEPLOYMENT_TARGET = 7.1;
				ONLY_ACTIVE_ARCH = YES;
				SDKROOT = iphoneos;
			};
			name = Debug;
		};
		97163EF1197F96BD00E4DBCF /* Release */ = {
			isa = XCBuildConfiguration;
			buildSettings = {
				ALWAYS_SEARCH_USER_PATHS = NO;
				CLANG_CXX_LANGUAGE_STANDARD = "gnu++0x";
				CLANG_CXX_LIBRARY = "libc++";
				CLANG_ENABLE_MODULES = YES;
				CLANG_ENABLE_OBJC_ARC = YES;
				CLANG_WARN_BOOL_CONVERSION = YES;
				CLANG_WARN_CONSTANT_CONVERSION = YES;
				CLANG_WARN_DIRECT_OBJC_ISA_USAGE = YES_ERROR;
				CLANG_WARN_EMPTY_BODY = YES;
				CLANG_WARN_ENUM_CONVERSION = YES;
				CLANG_WARN_INT_CONVERSION = YES;
				CLANG_WARN_OBJC_ROOT_CLASS = YES_ERROR;
				CLANG_WARN__DUPLICATE_METHOD_MATCH = YES;
				"CODE_SIGN_IDENTITY[sdk=iphoneos*]" = "iPhone Developer";
				COPY_PHASE_STRIP = YES;
				ENABLE_NS_ASSERTIONS = NO;
				GCC_C_LANGUAGE_STANDARD = gnu99;
				GCC_WARN_64_TO_32_BIT_CONVERSION = YES;
				GCC_WARN_ABOUT_RETURN_TYPE = YES_ERROR;
				GCC_WARN_UNDECLARED_SELECTOR = YES;
				GCC_WARN_UNINITIALIZED_AUTOS = YES_AGGRESSIVE;
				GCC_WARN_UNUSED_FUNCTION = YES;
				GCC_WARN_UNUSED_VARIABLE = YES;
				IPHONEOS_DEPLOYMENT_TARGET = 7.1;
				SDKROOT = iphoneos;
				VALIDATE_PRODUCT = YES;
			};
			name = Release;
		};
		97163EF3197F96BD00E4DBCF /* Debug */ = {
			isa = XCBuildConfiguration;
			buildSettings = {
				ASSETCATALOG_COMPILER_APPICON_NAME = AppIcon;
				ASSETCATALOG_COMPILER_LAUNCHIMAGE_NAME = LaunchImage;
				GCC_PRECOMPILE_PREFIX_HEADER = YES;
				GCC_PREFIX_HEADER = "SwiperTest/SwiperTest-Prefix.pch";
				INFOPLIST_FILE = "SwiperTest/SwiperTest-Info.plist";
				PRODUCT_NAME = "$(TARGET_NAME)";
				WRAPPER_EXTENSION = app;
			};
			name = Debug;
		};
		97163EF4197F96BD00E4DBCF /* Release */ = {
			isa = XCBuildConfiguration;
			buildSettings = {
				ASSETCATALOG_COMPILER_APPICON_NAME = AppIcon;
				ASSETCATALOG_COMPILER_LAUNCHIMAGE_NAME = LaunchImage;
				GCC_PRECOMPILE_PREFIX_HEADER = YES;
				GCC_PREFIX_HEADER = "SwiperTest/SwiperTest-Prefix.pch";
				INFOPLIST_FILE = "SwiperTest/SwiperTest-Info.plist";
				PRODUCT_NAME = "$(TARGET_NAME)";
				WRAPPER_EXTENSION = app;
			};
			name = Release;
		};
		97163EF6197F96BD00E4DBCF /* Debug */ = {
			isa = XCBuildConfiguration;
			buildSettings = {
				BUNDLE_LOADER = "$(BUILT_PRODUCTS_DIR)/SwiperTest.app/SwiperTest";
				FRAMEWORK_SEARCH_PATHS = (
					"$(SDKROOT)/Developer/Library/Frameworks",
					"$(inherited)",
					"$(DEVELOPER_FRAMEWORKS_DIR)",
				);
				GCC_PRECOMPILE_PREFIX_HEADER = YES;
				GCC_PREFIX_HEADER = "SwiperTest/SwiperTest-Prefix.pch";
				GCC_PREPROCESSOR_DEFINITIONS = (
					"DEBUG=1",
					"$(inherited)",
				);
				INFOPLIST_FILE = "SwiperTestTests/SwiperTestTests-Info.plist";
				PRODUCT_NAME = "$(TARGET_NAME)";
				TEST_HOST = "$(BUNDLE_LOADER)";
				WRAPPER_EXTENSION = xctest;
			};
			name = Debug;
		};
		97163EF7197F96BD00E4DBCF /* Release */ = {
			isa = XCBuildConfiguration;
			buildSettings = {
				BUNDLE_LOADER = "$(BUILT_PRODUCTS_DIR)/SwiperTest.app/SwiperTest";
				FRAMEWORK_SEARCH_PATHS = (
					"$(SDKROOT)/Developer/Library/Frameworks",
					"$(inherited)",
					"$(DEVELOPER_FRAMEWORKS_DIR)",
				);
				GCC_PRECOMPILE_PREFIX_HEADER = YES;
				GCC_PREFIX_HEADER = "SwiperTest/SwiperTest-Prefix.pch";
				INFOPLIST_FILE = "SwiperTestTests/SwiperTestTests-Info.plist";
				PRODUCT_NAME = "$(TARGET_NAME)";
				TEST_HOST = "$(BUNDLE_LOADER)";
				WRAPPER_EXTENSION = xctest;
			};
			name = Release;
		};
/* End XCBuildConfiguration section */

/* Begin XCConfigurationList section */
		97163EBB197F96BD00E4DBCF /* Build configuration list for PBXProject "SwiperTest" */ = {
			isa = XCConfigurationList;
			buildConfigurations = (
				97163EF0197F96BD00E4DBCF /* Debug */,
				97163EF1197F96BD00E4DBCF /* Release */,
			);
			defaultConfigurationIsVisible = 0;
			defaultConfigurationName = Release;
		};
		97163EF2197F96BD00E4DBCF /* Build configuration list for PBXNativeTarget "SwiperTest" */ = {
			isa = XCConfigurationList;
			buildConfigurations = (
				97163EF3197F96BD00E4DBCF /* Debug */,
				97163EF4197F96BD00E4DBCF /* Release */,
			);
			defaultConfigurationIsVisible = 0;
		};
		97163EF5197F96BD00E4DBCF /* Build configuration list for PBXNativeTarget "SwiperTestTests" */ = {
			isa = XCConfigurationList;
			buildConfigurations = (
				97163EF6197F96BD00E4DBCF /* Debug */,
				97163EF7197F96BD00E4DBCF /* Release */,
			);
			defaultConfigurationIsVisible = 0;
		};
/* End XCConfigurationList section */
	};
	rootObject = 97163EB8197F96BD00E4DBCF /* Project object */;
}
